
Microsoft Visual Studio Solution File, Format Version 12.00
# Visual Studio Version 18
VisualStudioVersion = 18.3.11222.16 d18.3
MinimumVisualStudioVersion = 10.0.40219.1
Project("{2150E333-8FDC-42A3-9474-1A3956D46DE8}") = "src", "src", "{827E0CD3-B72D-47B6-A68D-7590B98EB39B}"
EndProject
Project("{2150E333-8FDC-42A3-9474-1A3956D46DE8}") = "Services", "Services", "{984BB9B3-3FA3-BE33-9484-CAC21695A33C}"
EndProject
Project("{FAE04EC0-301F-11D3-BF4B-00C04F79EFBC}") = "JCP.TicketWave.CatalogService", "src\Services\JCP.TicketWave.CatalogService\JCP.TicketWave.CatalogService.csproj", "{B7E098BB-3276-46DE-86D6-6132460AF4CF}"
EndProject
Project("{FAE04EC0-301F-11D3-BF4B-00C04F79EFBC}") = "JCP.TicketWave.BookingService", "src\Services\JCP.TicketWave.BookingService\JCP.TicketWave.BookingService.csproj", "{187CF79C-B3A2-4A50-A8C5-DC19A15D9DCA}"
EndProject
Project("{FAE04EC0-301F-11D3-BF4B-00C04F79EFBC}") = "JCP.TicketWave.PaymentService", "src\Services\JCP.TicketWave.PaymentService\JCP.TicketWave.PaymentService.csproj", "{6EE0341E-E719-4E76-A4FF-23ECCE052D72}"
EndProject
Project("{FAE04EC0-301F-11D3-BF4B-00C04F79EFBC}") = "JCP.TicketWave.NotificationService", "src\Services\JCP.TicketWave.NotificationService\JCP.TicketWave.NotificationService.csproj", "{64AA528A-183D-4210-B329-CB339CC55716}"
EndProject
Project("{2150E333-8FDC-42A3-9474-1A3956D46DE8}") = "Shared", "Shared", "{C8E42992-5E42-0C2B-DBFE-AA848D06431C}"
EndProject
Project("{FAE04EC0-301F-11D3-BF4B-00C04F79EFBC}") = "JCP.TicketWave.Shared.Contracts", "src\Shared\JCP.TicketWave.Shared.Contracts\JCP.TicketWave.Shared.Contracts.csproj", "{1C25C7B2-065B-4FD1-B9B4-B5ED743DC336}"
EndProject
Project("{FAE04EC0-301F-11D3-BF4B-00C04F79EFBC}") = "JCP.TicketWave.Shared.Infrastructure", "src\Shared\JCP.TicketWave.Shared.Infrastructure\JCP.TicketWave.Shared.Infrastructure.csproj", "{29B12152-D8D5-402E-A7B0-0896D7312757}"
EndProject
Project("{2150E333-8FDC-42A3-9474-1A3956D46DE8}") = "Gateway", "Gateway", "{6306A8FB-679E-111F-6585-8F70E0EE6013}"
EndProject
Project("{FAE04EC0-301F-11D3-BF4B-00C04F79EFBC}") = "JCP.TicketWave.Gateway", "src\Gateway\JCP.TicketWave.Gateway\JCP.TicketWave.Gateway.csproj", "{45A811BE-D9C3-4575-8328-3C2DE3481207}"
EndProject
Global
	GlobalSection(SolutionConfigurationPlatforms) = preSolution
		Debug|Any CPU = Debug|Any CPU
		Debug|x64 = Debug|x64
		Debug|x86 = Debug|x86
		Release|Any CPU = Release|Any CPU
		Release|x64 = Release|x64
		Release|x86 = Release|x86
	EndGlobalSection
	GlobalSection(ProjectConfigurationPlatforms) = postSolution
		{B7E098BB-3276-46DE-86D6-6132460AF4CF}.Debug|Any CPU.ActiveCfg = Debug|Any CPU
		{B7E098BB-3276-46DE-86D6-6132460AF4CF}.Debug|Any CPU.Build.0 = Debug|Any CPU
		{B7E098BB-3276-46DE-86D6-6132460AF4CF}.Debug|x64.ActiveCfg = Debug|Any CPU
		{B7E098BB-3276-46DE-86D6-6132460AF4CF}.Debug|x64.Build.0 = Debug|Any CPU
		{B7E098BB-3276-46DE-86D6-6132460AF4CF}.Debug|x86.ActiveCfg = Debug|Any CPU
		{B7E098BB-3276-46DE-86D6-6132460AF4CF}.Debug|x86.Build.0 = Debug|Any CPU
		{B7E098BB-3276-46DE-86D6-6132460AF4CF}.Release|Any CPU.ActiveCfg = Release|Any CPU
		{B7E098BB-3276-46DE-86D6-6132460AF4CF}.Release|Any CPU.Build.0 = Release|Any CPU
		{B7E098BB-3276-46DE-86D6-6132460AF4CF}.Release|x64.ActiveCfg = Release|Any CPU
		{B7E098BB-3276-46DE-86D6-6132460AF4CF}.Release|x64.Build.0 = Release|Any CPU
		{B7E098BB-3276-46DE-86D6-6132460AF4CF}.Release|x86.ActiveCfg = Release|Any CPU
		{B7E098BB-3276-46DE-86D6-6132460AF4CF}.Release|x86.Build.0 = Release|Any CPU
		{187CF79C-B3A2-4A50-A8C5-DC19A15D9DCA}.Debug|Any CPU.ActiveCfg = Debug|Any CPU
		{187CF79C-B3A2-4A50-A8C5-DC19A15D9DCA}.Debug|Any CPU.Build.0 = Debug|Any CPU
		{187CF79C-B3A2-4A50-A8C5-DC19A15D9DCA}.Debug|x64.ActiveCfg = Debug|Any CPU
		{187CF79C-B3A2-4A50-A8C5-DC19A15D9DCA}.Debug|x64.Build.0 = Debug|Any CPU
		{187CF79C-B3A2-4A50-A8C5-DC19A15D9DCA}.Debug|x86.ActiveCfg = Debug|Any CPU
		{187CF79C-B3A2-4A50-A8C5-DC19A15D9DCA}.Debug|x86.Build.0 = Debug|Any CPU
		{187CF79C-B3A2-4A50-A8C5-DC19A15D9DCA}.Release|Any CPU.ActiveCfg = Release|Any CPU
		{187CF79C-B3A2-4A50-A8C5-DC19A15D9DCA}.Release|Any CPU.Build.0 = Release|Any CPU
		{187CF79C-B3A2-4A50-A8C5-DC19A15D9DCA}.Release|x64.ActiveCfg = Release|Any CPU
		{187CF79C-B3A2-4A50-A8C5-DC19A15D9DCA}.Release|x64.Build.0 = Release|Any CPU
		{187CF79C-B3A2-4A50-A8C5-DC19A15D9DCA}.Release|x86.ActiveCfg = Release|Any CPU
		{187CF79C-B3A2-4A50-A8C5-DC19A15D9DCA}.Release|x86.Build.0 = Release|Any CPU
		{6EE0341E-E719-4E76-A4FF-23ECCE052D72}.Debug|Any CPU.ActiveCfg = Debug|Any CPU
		{6EE0341E-E719-4E76-A4FF-23ECCE052D72}.Debug|Any CPU.Build.0 = Debug|Any CPU
		{6EE0341E-E719-4E76-A4FF-23ECCE052D72}.Debug|x64.ActiveCfg = Debug|Any CPU
		{6EE0341E-E719-4E76-A4FF-23ECCE052D72}.Debug|x64.Build.0 = Debug|Any CPU
		{6EE0341E-E719-4E76-A4FF-23ECCE052D72}.Debug|x86.ActiveCfg = Debug|Any CPU
		{6EE0341E-E719-4E76-A4FF-23ECCE052D72}.Debug|x86.Build.0 = Debug|Any CPU
		{6EE0341E-E719-4E76-A4FF-23ECCE052D72}.Release|Any CPU.ActiveCfg = Release|Any CPU
		{6EE0341E-E719-4E76-A4FF-23ECCE052D72}.Release|Any CPU.Build.0 = Release|Any CPU
		{6EE0341E-E719-4E76-A4FF-23ECCE052D72}.Release|x64.ActiveCfg = Release|Any CPU
		{6EE0341E-E719-4E76-A4FF-23ECCE052D72}.Release|x64.Build.0 = Release|Any CPU
		{6EE0341E-E719-4E76-A4FF-23ECCE052D72}.Release|x86.ActiveCfg = Release|Any CPU
		{6EE0341E-E719-4E76-A4FF-23ECCE052D72}.Release|x86.Build.0 = Release|Any CPU
		{64AA528A-183D-4210-B329-CB339CC55716}.Debug|Any CPU.ActiveCfg = Debug|Any CPU
		{64AA528A-183D-4210-B329-CB339CC55716}.Debug|Any CPU.Build.0 = Debug|Any CPU
		{64AA528A-183D-4210-B329-CB339CC55716}.Debug|x64.ActiveCfg = Debug|Any CPU
		{64AA528A-183D-4210-B329-CB339CC55716}.Debug|x64.Build.0 = Debug|Any CPU
		{64AA528A-183D-4210-B329-CB339CC55716}.Debug|x86.ActiveCfg = Debug|Any CPU
		{64AA528A-183D-4210-B329-CB339CC55716}.Debug|x86.Build.0 = Debug|Any CPU
		{64AA528A-183D-4210-B329-CB339CC55716}.Release|Any CPU.ActiveCfg = Release|Any CPU
		{64AA528A-183D-4210-B329-CB339CC55716}.Release|Any CPU.Build.0 = Release|Any CPU
		{64AA528A-183D-4210-B329-CB339CC55716}.Release|x64.ActiveCfg = Release|Any CPU
		{64AA528A-183D-4210-B329-CB339CC55716}.Release|x64.Build.0 = Release|Any CPU
		{64AA528A-183D-4210-B329-CB339CC55716}.Release|x86.ActiveCfg = Release|Any CPU
		{64AA528A-183D-4210-B329-CB339CC55716}.Release|x86.Build.0 = Release|Any CPU
		{1C25C7B2-065B-4FD1-B9B4-B5ED743DC336}.Debug|Any CPU.ActiveCfg = Debug|Any CPU
		{1C25C7B2-065B-4FD1-B9B4-B5ED743DC336}.Debug|Any CPU.Build.0 = Debug|Any CPU
		{1C25C7B2-065B-4FD1-B9B4-B5ED743DC336}.Debug|x64.ActiveCfg = Debug|Any CPU
		{1C25C7B2-065B-4FD1-B9B4-B5ED743DC336}.Debug|x64.Build.0 = Debug|Any CPU
		{1C25C7B2-065B-4FD1-B9B4-B5ED743DC336}.Debug|x86.ActiveCfg = Debug|Any CPU
		{1C25C7B2-065B-4FD1-B9B4-B5ED743DC336}.Debug|x86.Build.0 = Debug|Any CPU
		{1C25C7B2-065B-4FD1-B9B4-B5ED743DC336}.Release|Any CPU.ActiveCfg = Release|Any CPU
		{1C25C7B2-065B-4FD1-B9B4-B5ED743DC336}.Release|Any CPU.Build.0 = Release|Any CPU
		{1C25C7B2-065B-4FD1-B9B4-B5ED743DC336}.Release|x64.ActiveCfg = Release|Any CPU
		{1C25C7B2-065B-4FD1-B9B4-B5ED743DC336}.Release|x64.Build.0 = Release|Any CPU
		{1C25C7B2-065B-4FD1-B9B4-B5ED743DC336}.Release|x86.ActiveCfg = Release|Any CPU
		{1C25C7B2-065B-4FD1-B9B4-B5ED743DC336}.Release|x86.Build.0 = Release|Any CPU
		{29B12152-D8D5-402E-A7B0-0896D7312757}.Debug|Any CPU.ActiveCfg = Debug|Any CPU
		{29B12152-D8D5-402E-A7B0-0896D7312757}.Debug|Any CPU.Build.0 = Debug|Any CPU
		{29B12152-D8D5-402E-A7B0-0896D7312757}.Debug|x64.ActiveCfg = Debug|Any CPU
		{29B12152-D8D5-402E-A7B0-0896D7312757}.Debug|x64.Build.0 = Debug|Any CPU
		{29B12152-D8D5-402E-A7B0-0896D7312757}.Debug|x86.ActiveCfg = Debug|Any CPU
		{29B12152-D8D5-402E-A7B0-0896D7312757}.Debug|x86.Build.0 = Debug|Any CPU
		{29B12152-D8D5-402E-A7B0-0896D7312757}.Release|Any CPU.ActiveCfg = Release|Any CPU
		{29B12152-D8D5-402E-A7B0-0896D7312757}.Release|Any CPU.Build.0 = Release|Any CPU
		{29B12152-D8D5-402E-A7B0-0896D7312757}.Release|x64.ActiveCfg = Release|Any CPU
		{29B12152-D8D5-402E-A7B0-0896D7312757}.Release|x64.Build.0 = Release|Any CPU
		{29B12152-D8D5-402E-A7B0-0896D7312757}.Release|x86.ActiveCfg = Release|Any CPU
		{29B12152-D8D5-402E-A7B0-0896D7312757}.Release|x86.Build.0 = Release|Any CPU
		{45A811BE-D9C3-4575-8328-3C2DE3481207}.Debug|Any CPU.ActiveCfg = Debug|Any CPU
		{45A811BE-D9C3-4575-8328-3C2DE3481207}.Debug|Any CPU.Build.0 = Debug|Any CPU
		{45A811BE-D9C3-4575-8328-3C2DE3481207}.Debug|x64.ActiveCfg = Debug|Any CPU
		{45A811BE-D9C3-4575-8328-3C2DE3481207}.Debug|x64.Build.0 = Debug|Any CPU
		{45A811BE-D9C3-4575-8328-3C2DE3481207}.Debug|x86.ActiveCfg = Debug|Any CPU
		{45A811BE-D9C3-4575-8328-3C2DE3481207}.Debug|x86.Build.0 = Debug|Any CPU
		{45A811BE-D9C3-4575-8328-3C2DE3481207}.Release|Any CPU.ActiveCfg = Release|Any CPU
		{45A811BE-D9C3-4575-8328-3C2DE3481207}.Release|Any CPU.Build.0 = Release|Any CPU
		{45A811BE-D9C3-4575-8328-3C2DE3481207}.Release|x64.ActiveCfg = Release|Any CPU
		{45A811BE-D9C3-4575-8328-3C2DE3481207}.Release|x64.Build.0 = Release|Any CPU
		{45A811BE-D9C3-4575-8328-3C2DE3481207}.Release|x86.ActiveCfg = Release|Any CPU
		{45A811BE-D9C3-4575-8328-3C2DE3481207}.Release|x86.Build.0 = Release|Any CPU
	EndGlobalSection
	GlobalSection(SolutionProperties) = preSolution
		HideSolutionNode = FALSE
	EndGlobalSection
	GlobalSection(NestedProjects) = preSolution
		{984BB9B3-3FA3-BE33-9484-CAC21695A33C} = {827E0CD3-B72D-47B6-A68D-7590B98EB39B}
		{B7E098BB-3276-46DE-86D6-6132460AF4CF} = {984BB9B3-3FA3-BE33-9484-CAC21695A33C}
		{187CF79C-B3A2-4A50-A8C5-DC19A15D9DCA} = {984BB9B3-3FA3-BE33-9484-CAC21695A33C}
		{6EE0341E-E719-4E76-A4FF-23ECCE052D72} = {984BB9B3-3FA3-BE33-9484-CAC21695A33C}
		{64AA528A-183D-4210-B329-CB339CC55716} = {984BB9B3-3FA3-BE33-9484-CAC21695A33C}
		{C8E42992-5E42-0C2B-DBFE-AA848D06431C} = {827E0CD3-B72D-47B6-A68D-7590B98EB39B}
		{1C25C7B2-065B-4FD1-B9B4-B5ED743DC336} = {C8E42992-5E42-0C2B-DBFE-AA848D06431C}
		{29B12152-D8D5-402E-A7B0-0896D7312757} = {C8E42992-5E42-0C2B-DBFE-AA848D06431C}
		{6306A8FB-679E-111F-6585-8F70E0EE6013} = {827E0CD3-B72D-47B6-A68D-7590B98EB39B}
		{45A811BE-D9C3-4575-8328-3C2DE3481207} = {6306A8FB-679E-111F-6585-8F70E0EE6013}
	EndGlobalSection
	GlobalSection(ExtensibilityGlobals) = postSolution
		SolutionGuid = {EA72107D-8F19-4EE9-90A4-53453AFAAE15}
	EndGlobalSection
EndGlobal
